
Microsoft Visual Studio Solution File, Format Version 12.00
# Visual Studio 14
VisualStudioVersion = 14.0.25420.1
MinimumVisualStudioVersion = 10.0.40219.1
Project("{FAE04EC0-301F-11D3-BF4B-00C04F79EFBC}") = "DemoLib", "DemoLib\DemoLib.csproj", "{95495901-1A5C-47A2-BB54-8F7EE9004A77}"
EndProject
Project("{FAE04EC0-301F-11D3-BF4B-00C04F79EFBC}") = "Launcher", "Launcher\Launcher.csproj", "{5DCD86FB-1299-4B6F-BDC1-59A57496F197}"
EndProject
Global
	GlobalSection(SolutionConfigurationPlatforms) = preSolution
		Debug|Any CPU = Debug|Any CPU
		Release|Any CPU = Release|Any CPU
	EndGlobalSection
	GlobalSection(ProjectConfigurationPlatforms) = postSolution
		{95495901-1A5C-47A2-BB54-8F7EE9004A77}.Debug|Any CPU.ActiveCfg = Debug|Any CPU
		{95495901-1A5C-47A2-BB54-8F7EE9004A77}.Debug|Any CPU.Build.0 = Debug|Any CPU
		{95495901-1A5C-47A2-BB54-8F7EE9004A77}.Release|Any CPU.ActiveCfg = Release|Any CPU
		{95495901-1A5C-47A2-BB54-8F7EE9004A77}.Release|Any CPU.Build.0 = Release|Any CPU
		{5DCD86FB-1299-4B6F-BDC1-59A57496F197}.Debug|Any CPU.ActiveCfg = Debug|Any CPU
		{5DCD86FB-1299-4B6F-BDC1-59A57496F197}.Debug|Any CPU.Build.0 = Debug|Any CPU
		{5DCD86FB-1299-4B6F-BDC1-59A57496F197}.Release|Any CPU.ActiveCfg = Release|Any CPU
		{5DCD86FB-1299-4B6F-BDC1-59A57496F197}.Release|Any CPU.Build.0 = Release|Any CPU
	EndGlobalSection
	GlobalSection(SolutionProperties) = preSolution
		HideSolutionNode = FALSE
	EndGlobalSection
EndGlobal
